
Microsoft Visual Studio Solution File, Format Version 12.00
# Visual Studio Version 17
VisualStudioVersion = 17.2.32630.192
MinimumVisualStudioVersion = 10.0.40219.1
Project("{FAE04EC0-301F-11D3-BF4B-00C04F79EFBC}") = "ProyectoRabatexOficial", "ProyectoRabatexOficial\ProyectoRabatexOficial.csproj", "{666BC0C1-4EC0-495F-A9E6-0B8C8155E90D}"
EndProject
Global
	GlobalSection(SolutionConfigurationPlatforms) = preSolution
		Debug|Any CPU = Debug|Any CPU
		Release|Any CPU = Release|Any CPU
	EndGlobalSection
	GlobalSection(ProjectConfigurationPlatforms) = postSolution
		{666BC0C1-4EC0-495F-A9E6-0B8C8155E90D}.Debug|Any CPU.ActiveCfg = Debug|Any CPU
		{666BC0C1-4EC0-495F-A9E6-0B8C8155E90D}.Debug|Any CPU.Build.0 = Debug|Any CPU
		{666BC0C1-4EC0-495F-A9E6-0B8C8155E90D}.Release|Any CPU.ActiveCfg = Release|Any CPU
		{666BC0C1-4EC0-495F-A9E6-0B8C8155E90D}.Release|Any CPU.Build.0 = Release|Any CPU
	EndGlobalSection
	GlobalSection(SolutionProperties) = preSolution
		HideSolutionNode = FALSE
	EndGlobalSection
	GlobalSection(ExtensibilityGlobals) = postSolution
		SolutionGuid = {A7F66A0E-6084-41BB-AC6A-09DB67482F3B}
	EndGlobalSection
EndGlobal
